
Microsoft Visual Studio Solution File, Format Version 12.00
# Visual Studio Version 16
VisualStudioVersion = 16.0.32002.261
MinimumVisualStudioVersion = 10.0.40219.1
Project("{FAE04EC0-301F-11D3-BF4B-00C04F79EFBC}") = "DataAccess", "DataAccess\DataAccess.csproj", "{F42CECD3-4667-45C6-BBA4-FB8E4AE88551}"
EndProject
Project("{FAE04EC0-301F-11D3-BF4B-00C04F79EFBC}") = "MainApplication", "MainApplication\MainApplication.csproj", "{4C7D14DC-B5CF-4E9F-B943-4348A0CB2113}"
EndProject
Global
	GlobalSection(SolutionConfigurationPlatforms) = preSolution
		Debug|Any CPU = Debug|Any CPU
		Release|Any CPU = Release|Any CPU
	EndGlobalSection
	GlobalSection(ProjectConfigurationPlatforms) = postSolution
		{F42CECD3-4667-45C6-BBA4-FB8E4AE88551}.Debug|Any CPU.ActiveCfg = Debug|Any CPU
		{F42CECD3-4667-45C6-BBA4-FB8E4AE88551}.Debug|Any CPU.Build.0 = Debug|Any CPU
		{F42CECD3-4667-45C6-BBA4-FB8E4AE88551}.Release|Any CPU.ActiveCfg = Release|Any CPU
		{F42CECD3-4667-45C6-BBA4-FB8E4AE88551}.Release|Any CPU.Build.0 = Release|Any CPU
		{4C7D14DC-B5CF-4E9F-B943-4348A0CB2113}.Debug|Any CPU.ActiveCfg = Debug|Any CPU
		{4C7D14DC-B5CF-4E9F-B943-4348A0CB2113}.Debug|Any CPU.Build.0 = Debug|Any CPU
		{4C7D14DC-B5CF-4E9F-B943-4348A0CB2113}.Release|Any CPU.ActiveCfg = Release|Any CPU
		{4C7D14DC-B5CF-4E9F-B943-4348A0CB2113}.Release|Any CPU.Build.0 = Release|Any CPU
	EndGlobalSection
	GlobalSection(SolutionProperties) = preSolution
		HideSolutionNode = FALSE
	EndGlobalSection
	GlobalSection(ExtensibilityGlobals) = postSolution
		SolutionGuid = {A244813B-28E7-424B-B82B-E930CCB17AA7}
	EndGlobalSection
EndGlobal
